
Microsoft Visual Studio Solution File, Format Version 12.00
# Visual Studio 15
VisualStudioVersion = 15.0.28307.329
MinimumVisualStudioVersion = 10.0.40219.1
Project("{FAE04EC0-301F-11D3-BF4B-00C04F79EFBC}") = "TaskManager", "TaskManager\TaskManager.csproj", "{FC260CA6-17C1-4C61-BC4D-95288943DBDD}"
EndProject
Global
	GlobalSection(SolutionConfigurationPlatforms) = preSolution
		Debug|Any CPU = Debug|Any CPU
		Release|Any CPU = Release|Any CPU
	EndGlobalSection
	GlobalSection(ProjectConfigurationPlatforms) = postSolution
		{FC260CA6-17C1-4C61-BC4D-95288943DBDD}.Debug|Any CPU.ActiveCfg = Debug|Any CPU
		{FC260CA6-17C1-4C61-BC4D-95288943DBDD}.Debug|Any CPU.Build.0 = Debug|Any CPU
		{FC260CA6-17C1-4C61-BC4D-95288943DBDD}.Release|Any CPU.ActiveCfg = Release|Any CPU
		{FC260CA6-17C1-4C61-BC4D-95288943DBDD}.Release|Any CPU.Build.0 = Release|Any CPU
	EndGlobalSection
	GlobalSection(SolutionProperties) = preSolution
		HideSolutionNode = FALSE
	EndGlobalSection
	GlobalSection(ExtensibilityGlobals) = postSolution
		SolutionGuid = {1C9CEA5C-5DD2-47BB-B866-CB7F9785880A}
	EndGlobalSection
EndGlobal
